
Microsoft Visual Studio Solution File, Format Version 12.00
# Visual Studio 15
VisualStudioVersion = 15.0.28307.421
MinimumVisualStudioVersion = 10.0.40219.1
Project("{FAE04EC0-301F-11D3-BF4B-00C04F79EFBC}") = "AjaxCrudOperationUsingMVC5", "AjaxCrudOperationUsingMVC5\AjaxCrudOperationUsingMVC5.csproj", "{E77C5040-64E1-42B7-A135-31E425E3E546}"
EndProject
Global
	GlobalSection(SolutionConfigurationPlatforms) = preSolution
		Debug|Any CPU = Debug|Any CPU
		Release|Any CPU = Release|Any CPU
	EndGlobalSection
	GlobalSection(ProjectConfigurationPlatforms) = postSolution
		{E77C5040-64E1-42B7-A135-31E425E3E546}.Debug|Any CPU.ActiveCfg = Debug|Any CPU
		{E77C5040-64E1-42B7-A135-31E425E3E546}.Debug|Any CPU.Build.0 = Debug|Any CPU
		{E77C5040-64E1-42B7-A135-31E425E3E546}.Release|Any CPU.ActiveCfg = Release|Any CPU
		{E77C5040-64E1-42B7-A135-31E425E3E546}.Release|Any CPU.Build.0 = Release|Any CPU
	EndGlobalSection
	GlobalSection(SolutionProperties) = preSolution
		HideSolutionNode = FALSE
	EndGlobalSection
	GlobalSection(ExtensibilityGlobals) = postSolution
		SolutionGuid = {FAB091BD-6689-457D-923F-08DE40DCD881}
	EndGlobalSection
EndGlobal
